
Microsoft Visual Studio Solution File, Format Version 12.00
# Visual Studio Version 17
VisualStudioVersion = 17.9.34723.18
MinimumVisualStudioVersion = 10.0.40219.1
Project("{9A19103F-16F7-4668-BE54-9A1E7A4F7556}") = "AngularApp.Server", "AngularApp.Server\AngularApp.Server.csproj", "{55524CB4-4830-403C-9375-9804C1455F3A}"
EndProject
Project("{54A90642-561A-4BB1-A94E-469ADEE60C69}") = "angularapp.client", "angularapp.client\angularapp.client.esproj", "{06AD992B-360B-4C7A-8424-628D916DE4E3}"
EndProject
Project("{9A19103F-16F7-4668-BE54-9A1E7A4F7556}") = "Infrastructure", "Infrastructure\Infrastructure.csproj", "{D400792E-725A-4D5E-A23E-93C4C251AB2E}"
EndProject
Project("{FAE04EC0-301F-11D3-BF4B-00C04F79EFBC}") = "angularApp.DAL", "angularApp.DAL\angularApp.DAL.csproj", "{4B250073-2008-4408-971B-98D4EABB7274}"
EndProject
Project("{FAE04EC0-301F-11D3-BF4B-00C04F79EFBC}") = "angulerApp.BLL", "angulerApp.BLL\angulerApp.BLL.csproj", "{1DD58200-B954-47C3-BB1C-A8295DD5DC23}"
EndProject
Global
	GlobalSection(SolutionConfigurationPlatforms) = preSolution
		Debug|Any CPU = Debug|Any CPU
		Release|Any CPU = Release|Any CPU
	EndGlobalSection
	GlobalSection(ProjectConfigurationPlatforms) = postSolution
		{55524CB4-4830-403C-9375-9804C1455F3A}.Debug|Any CPU.ActiveCfg = Debug|Any CPU
		{55524CB4-4830-403C-9375-9804C1455F3A}.Debug|Any CPU.Build.0 = Debug|Any CPU
		{55524CB4-4830-403C-9375-9804C1455F3A}.Release|Any CPU.ActiveCfg = Release|Any CPU
		{55524CB4-4830-403C-9375-9804C1455F3A}.Release|Any CPU.Build.0 = Release|Any CPU
		{06AD992B-360B-4C7A-8424-628D916DE4E3}.Debug|Any CPU.ActiveCfg = Debug|Any CPU
		{06AD992B-360B-4C7A-8424-628D916DE4E3}.Debug|Any CPU.Build.0 = Debug|Any CPU
		{06AD992B-360B-4C7A-8424-628D916DE4E3}.Debug|Any CPU.Deploy.0 = Debug|Any CPU
		{06AD992B-360B-4C7A-8424-628D916DE4E3}.Release|Any CPU.ActiveCfg = Release|Any CPU
		{06AD992B-360B-4C7A-8424-628D916DE4E3}.Release|Any CPU.Build.0 = Release|Any CPU
		{06AD992B-360B-4C7A-8424-628D916DE4E3}.Release|Any CPU.Deploy.0 = Release|Any CPU
		{D400792E-725A-4D5E-A23E-93C4C251AB2E}.Debug|Any CPU.ActiveCfg = Debug|Any CPU
		{D400792E-725A-4D5E-A23E-93C4C251AB2E}.Debug|Any CPU.Build.0 = Debug|Any CPU
		{D400792E-725A-4D5E-A23E-93C4C251AB2E}.Release|Any CPU.ActiveCfg = Release|Any CPU
		{D400792E-725A-4D5E-A23E-93C4C251AB2E}.Release|Any CPU.Build.0 = Release|Any CPU
		{4B250073-2008-4408-971B-98D4EABB7274}.Debug|Any CPU.ActiveCfg = Debug|Any CPU
		{4B250073-2008-4408-971B-98D4EABB7274}.Debug|Any CPU.Build.0 = Debug|Any CPU
		{4B250073-2008-4408-971B-98D4EABB7274}.Release|Any CPU.ActiveCfg = Release|Any CPU
		{4B250073-2008-4408-971B-98D4EABB7274}.Release|Any CPU.Build.0 = Release|Any CPU
		{1DD58200-B954-47C3-BB1C-A8295DD5DC23}.Debug|Any CPU.ActiveCfg = Debug|Any CPU
		{1DD58200-B954-47C3-BB1C-A8295DD5DC23}.Debug|Any CPU.Build.0 = Debug|Any CPU
		{1DD58200-B954-47C3-BB1C-A8295DD5DC23}.Release|Any CPU.ActiveCfg = Release|Any CPU
		{1DD58200-B954-47C3-BB1C-A8295DD5DC23}.Release|Any CPU.Build.0 = Release|Any CPU
	EndGlobalSection
	GlobalSection(SolutionProperties) = preSolution
		HideSolutionNode = FALSE
	EndGlobalSection
	GlobalSection(ExtensibilityGlobals) = postSolution
		SolutionGuid = {2CE4B399-A95D-4259-B148-015FBD2F8C03}
	EndGlobalSection
EndGlobal
